
Microsoft Visual Studio Solution File, Format Version 12.00
# Visual Studio 15
VisualStudioVersion = 15.0.28010.2036
MinimumVisualStudioVersion = 10.0.40219.1
Project("{FAE04EC0-301F-11D3-BF4B-00C04F79EFBC}") = "CSOM.ConsoleApp", "CSOM.ConsoleApp\CSOM.ConsoleApp.csproj", "{436483BA-C3AF-4647-B37A-F4F55F5E4651}"
EndProject
Project("{FAE04EC0-301F-11D3-BF4B-00C04F79EFBC}") = "SPO.ClientManager", "SPO.ClientManager\SPO.ClientManager.csproj", "{7F89C761-6654-4DBC-8603-F9475D62523C}"
EndProject
Project("{FAE04EC0-301F-11D3-BF4B-00C04F79EFBC}") = "SPO.BrandingManager", "SPO.BrandingManager\SPO.BrandingManager.csproj", "{7531BA4C-71F2-449C-8545-9C5A1081A7F3}"
EndProject
Global
	GlobalSection(SolutionConfigurationPlatforms) = preSolution
		Debug|Any CPU = Debug|Any CPU
		Release|Any CPU = Release|Any CPU
	EndGlobalSection
	GlobalSection(ProjectConfigurationPlatforms) = postSolution
		{436483BA-C3AF-4647-B37A-F4F55F5E4651}.Debug|Any CPU.ActiveCfg = Debug|Any CPU
		{436483BA-C3AF-4647-B37A-F4F55F5E4651}.Debug|Any CPU.Build.0 = Debug|Any CPU
		{436483BA-C3AF-4647-B37A-F4F55F5E4651}.Release|Any CPU.ActiveCfg = Release|Any CPU
		{436483BA-C3AF-4647-B37A-F4F55F5E4651}.Release|Any CPU.Build.0 = Release|Any CPU
		{7F89C761-6654-4DBC-8603-F9475D62523C}.Debug|Any CPU.ActiveCfg = Debug|Any CPU
		{7F89C761-6654-4DBC-8603-F9475D62523C}.Debug|Any CPU.Build.0 = Debug|Any CPU
		{7F89C761-6654-4DBC-8603-F9475D62523C}.Release|Any CPU.ActiveCfg = Release|Any CPU
		{7F89C761-6654-4DBC-8603-F9475D62523C}.Release|Any CPU.Build.0 = Release|Any CPU
		{7531BA4C-71F2-449C-8545-9C5A1081A7F3}.Debug|Any CPU.ActiveCfg = Debug|Any CPU
		{7531BA4C-71F2-449C-8545-9C5A1081A7F3}.Debug|Any CPU.Build.0 = Debug|Any CPU
		{7531BA4C-71F2-449C-8545-9C5A1081A7F3}.Release|Any CPU.ActiveCfg = Release|Any CPU
		{7531BA4C-71F2-449C-8545-9C5A1081A7F3}.Release|Any CPU.Build.0 = Release|Any CPU
	EndGlobalSection
	GlobalSection(SolutionProperties) = preSolution
		HideSolutionNode = FALSE
	EndGlobalSection
	GlobalSection(ExtensibilityGlobals) = postSolution
		SolutionGuid = {09AFE8E6-0627-44F3-B0E0-3150A4E26BB9}
	EndGlobalSection
EndGlobal
